
Microsoft Visual Studio Solution File, Format Version 12.00
# Visual Studio 14
VisualStudioVersion = 14.0.24720.0
MinimumVisualStudioVersion = 10.0.40219.1
Project("{FAE04EC0-301F-11D3-BF4B-00C04F79EFBC}") = "JsonNet.GenericTypes", "JsonNet.GenericTypes\JsonNet.GenericTypes.csproj", "{255E6FDD-03CE-4A3F-8D36-030CE12FFD6D}"
EndProject
Project("{2150E333-8FDC-42A3-9474-1A3956D46DE8}") = "Docs", "Docs", "{0CAD8975-02C5-49DA-9A6F-51013C227325}"
	ProjectSection(SolutionItems) = preProject
		LICENSE = LICENSE
		README.md = README.md
	EndProjectSection
EndProject
Project("{2150E333-8FDC-42A3-9474-1A3956D46DE8}") = "Nuget", "Nuget", "{015AD7D2-1DDB-45D1-81A5-9708A3A0997B}"
	ProjectSection(SolutionItems) = preProject
		JsonNet.GenericTypes.nuspec = JsonNet.GenericTypes.nuspec
	EndProjectSection
EndProject
Global
	GlobalSection(SolutionConfigurationPlatforms) = preSolution
		Debug|Any CPU = Debug|Any CPU
		Release|Any CPU = Release|Any CPU
	EndGlobalSection
	GlobalSection(ProjectConfigurationPlatforms) = postSolution
		{255E6FDD-03CE-4A3F-8D36-030CE12FFD6D}.Debug|Any CPU.ActiveCfg = Debug|Any CPU
		{255E6FDD-03CE-4A3F-8D36-030CE12FFD6D}.Debug|Any CPU.Build.0 = Debug|Any CPU
		{255E6FDD-03CE-4A3F-8D36-030CE12FFD6D}.Release|Any CPU.ActiveCfg = Release|Any CPU
		{255E6FDD-03CE-4A3F-8D36-030CE12FFD6D}.Release|Any CPU.Build.0 = Release|Any CPU
	EndGlobalSection
	GlobalSection(SolutionProperties) = preSolution
		HideSolutionNode = FALSE
	EndGlobalSection
EndGlobal
